{
  "name": "CSCore",
  "lockfileVersion": 3,
  "requires": true,
  "packages": {
    "": {
      "devDependencies": {
        "gitbook-plugin-popup": "^0.0.1"
      }
    },
    "node_modules/gitbook-plugin-popup": {
      "version": "0.0.1",
      "resolved": "https://registry.npmmirror.com/gitbook-plugin-popup/-/gitbook-plugin-popup-0.0.1.tgz",
      "integrity": "sha512-UpLsvLOM2+UcVUgX1u2iHNGrAEsBw9I7CWCnF3XkX72iMqhs5wAq7YGhzqFHDA1C6HGXNjqHIUnP75XVGWeTlQ==",
      "dev": true,
      "license": "Apache 2",
      "engines": {
        "gitbook": "*"
      }
    }
  }
}
